{
  "name": "fnode",
  "version": "1.0.0",
  "lockfileVersion": 3,
  "requires": true,
  "packages": {
    "": {
      "name": "fnode",
      "version": "1.0.0",
      "license": "ISC",
      "dependencies": {
        "fnode_http": "^0.0.4"
      }
    },
    "node_modules/fnode_http": {
      "version": "0.0.4",
      "resolved": "https://registry.npmjs.org/fnode_http/-/fnode_http-0.0.4.tgz",
      "integrity": "sha512-ENDOd+D5bxtPJRI5mXUM+2t1eVFJ3djH65+86VrkkDTof5z45+U1o/QrGfaj6G3VBIBQOGMVf/DQKuLxi9k8Dw==",
      "license": "MIT"
    }
  }
}
